// !$*UTF8*$!
{
	archiveVersion = 1;
	classes = {
	};
	objectVersion = 46;
	objects = {

/* Begin PBXBuildFile section */
		5B76B9F31E70AFB2004CC329 /* AppDelegate.swift in Sources */ = {isa = PBXBuildFile; fileRef = 5B76B9F21E70AFB2004CC329 /* AppDelegate.swift */; };
		5B76B9F51E70AFB2004CC329 /* ViewController.swift in Sources */ = {isa = PBXBuildFile; fileRef = 5B76B9F41E70AFB2004CC329 /* ViewController.swift */; };
		5B76B9FA1E70AFB2004CC329 /* Assets.xcassets in Resources */ = {isa = PBXBuildFile; fileRef = 5B76B9F91E70AFB2004CC329 /* Assets.xcassets */; };
		5B76B9FD1E70AFB2004CC329 /* LaunchScreen.storyboard in Resources */ = {isa = PBXBuildFile; fileRef = 5B76B9FB1E70AFB2004CC329 /* LaunchScreen.storyboard */; };
		5B76BA081E70AFB2004CC329 /* Calculator_10Tests.swift in Sources */ = {isa = PBXBuildFile; fileRef = 5B76BA071E70AFB2004CC329 /* Calculator_10Tests.swift */; };
		5B76BA131E70B028004CC329 /* CalculatorBrain.swift in Sources */ = {isa = PBXBuildFile; fileRef = 5B76BA121E70B028004CC329 /* CalculatorBrain.swift */; };
		5B76BA161E70B057004CC329 /* Main.storyboard in Resources */ = {isa = PBXBuildFile; fileRef = 5B76BA141E70B057004CC329 /* Main.storyboard */; };
/* End PBXBuildFile section */

/* Begin PBXContainerItemProxy section */
		5B76BA041E70AFB2004CC329 /* PBXContainerItemProxy */ = {
			isa = PBXContainerItemProxy;
			containerPortal = 5B76B9E71E70AFB2004CC329 /* Project object */;
			proxyType = 1;
			remoteGlobalIDString = 5B76B9EE1E70AFB2004CC329;
			remoteInfo = "Calculator-10";
		};
/* End PBXContainerItemProxy section */

/* Begin PBXFileReference section */
		5B76B9EF1E70AFB2004CC329 /* Calculator-10.app */ = {isa = PBXFileReference; explicitFileType = wrapper.application; includeInIndex = 0; path = "Calculator-10.app"; sourceTree = BUILT_PRODUCTS_DIR; };
		5B76B9F21E70AFB2004CC329 /* AppDelegate.swift */ = {isa = PBXFileReference; lastKnownFileType = sourcecode.swift; path = AppDelegate.swift; sourceTree = "<group>"; };
		5B76B9F41E70AFB2004CC329 /* ViewController.swift */ = {isa = PBXFileReference; lastKnownFileType = sourcecode.swift; path = ViewController.swift; sourceTree = "<group>"; };
		5B76B9F91E70AFB2004CC329 /* Assets.xcassets */ = {isa = PBXFileReference; lastKnownFileType = folder.assetcatalog; path = Assets.xcassets; sourceTree = "<group>"; };
		5B76B9FC1E70AFB2004CC329 /* Base */ = {isa = PBXFileReference; lastKnownFileType = file.storyboard; name = Base; path = Base.lproj/LaunchScreen.storyboard; sourceTree = "<group>"; };
		5B76B9FE1E70AFB2004CC329 /* Info.plist */ = {isa = PBXFileReference; lastKnownFileType = text.plist.xml; path = Info.plist; sourceTree = "<group>"; };
		5B76BA031E70AFB2004CC329 /* Calculator-10Tests.xctest */ = {isa = PBXFileReference; explicitFileType = wrapper.cfbundle; includeInIndex = 0; path = "Calculator-10Tests.xctest"; sourceTree = BUILT_PRODUCTS_DIR; };
		5B76BA071E70AFB2004CC329 /* Calculator_10Tests.swift */ = {isa = PBXFileReference; lastKnownFileType = sourcecode.swift; path = Calculator_10Tests.swift; sourceTree = "<group>"; };
		5B76BA091E70AFB2004CC329 /* Info.plist */ = {isa = PBXFileReference; lastKnownFileType = text.plist.xml; path = Info.plist; sourceTree = "<group>"; };
		5B76BA121E70B028004CC329 /* CalculatorBrain.swift */ = {isa = PBXFileReference; fileEncoding = 4; lastKnownFileType = sourcecode.swift; path = CalculatorBrain.swift; sourceTree = "<group>"; };
		5B76BA151E70B057004CC329 /* Base */ = {isa = PBXFileReference; lastKnownFileType = file.storyboard; name = Base; path = ../../../../../Desktop/calc/Calculator10/Base.lproj/Main.storyboard; sourceTree = "<group>"; };
/* End PBXFileReference section */

/* Begin PBXFrameworksBuildPhase section */
		5B76B9EC1E70AFB2004CC329 /* Frameworks */ = {
			isa = PBXFrameworksBuildPhase;
			buildActionMask = 2147483647;
			files = (
			);
			runOnlyForDeploymentPostprocessing = 0;
		};
		5B76BA001E70AFB2004CC329 /* Frameworks */ = {
			isa = PBXFrameworksBuildPhase;
			buildActionMask = 2147483647;
			files = (
			);
			runOnlyForDeploymentPostprocessing = 0;
		};
/* End PBXFrameworksBuildPhase section */

/* Begin PBXGroup section */
		5B76B9E61E70AFB2004CC329 = {
			isa = PBXGroup;
			children = (
				5B76B9F11E70AFB2004CC329 /* Calculator-10 */,
				5B76BA061E70AFB2004CC329 /* Calculator-10Tests */,
				5B76B9F01E70AFB2004CC329 /* Products */,
			);
			sourceTree = "<group>";
		};
		5B76B9F01E70AFB2004CC329 /* Products */ = {
			isa = PBXGroup;
			children = (
				5B76B9EF1E70AFB2004CC329 /* Calculator-10.app */,
				5B76BA031E70AFB2004CC329 /* Calculator-10Tests.xctest */,
			);
			name = Products;
			sourceTree = "<group>";
		};
		5B76B9F11E70AFB2004CC329 /* Calculator-10 */ = {
			isa = PBXGroup;
			children = (
				5B76B9F21E70AFB2004CC329 /* AppDelegate.swift */,
				5B76B9F41E70AFB2004CC329 /* ViewController.swift */,
				5B76BA121E70B028004CC329 /* CalculatorBrain.swift */,
				5B76BA141E70B057004CC329 /* Main.storyboard */,
				5B76B9F91E70AFB2004CC329 /* Assets.xcassets */,
				5B76B9FB1E70AFB2004CC329 /* LaunchScreen.storyboard */,
				5B76B9FE1E70AFB2004CC329 /* Info.plist */,
			);
			path = "Calculator-10";
			sourceTree = "<group>";
		};
		5B76BA061E70AFB2004CC329 /* Calculator-10Tests */ = {
			isa = PBXGroup;
			children = (
				5B76BA071E70AFB2004CC329 /* Calculator_10Tests.swift */,
				5B76BA091E70AFB2004CC329 /* Info.plist */,
			);
			path = "Calculator-10Tests";
			sourceTree = "<group>";
		};
/* End PBXGroup section */

/* Begin PBXNativeTarget section */
		5B76B9EE1E70AFB2004CC329 /* Calculator-10 */ = {
			isa = PBXNativeTarget;
			buildConfigurationList = 5B76BA0C1E70AFB2004CC329 /* Build configuration list for PBXNativeTarget "Calculator-10" */;
			buildPhases = (
				5B76B9EB1E70AFB2004CC329 /* Sources */,
				5B76B9EC1E70AFB2004CC329 /* Frameworks */,
				5B76B9ED1E70AFB2004CC329 /* Resources */,
			);
			buildRules = (
			);
			dependencies = (
			);
			name = "Calculator-10";
			productName = "Calculator-10";
			productReference = 5B76B9EF1E70AFB2004CC329 /* Calculator-10.app */;
			productType = "com.apple.product-type.application";
		};
		5B76BA021E70AFB2004CC329 /* Calculator-10Tests */ = {
			isa = PBXNativeTarget;
			buildConfigurationList = 5B76BA0F1E70AFB2004CC329 /* Build configuration list for PBXNativeTarget "Calculator-10Tests" */;
			buildPhases = (
				5B76B9FF1E70AFB2004CC329 /* Sources */,
				5B76BA001E70AFB2004CC329 /* Frameworks */,
				5B76BA011E70AFB2004CC329 /* Resources */,
			);
			buildRules = (
			);
			dependencies = (
				5B76BA051E70AFB2004CC329 /* PBXTargetDependency */,
			);
			name = "Calculator-10Tests";
			productName = "Calculator-10Tests";
			productReference = 5B76BA031E70AFB2004CC329 /* Calculator-10Tests.xctest */;
			productType = "com.apple.product-type.bundle.unit-test";
		};
/* End PBXNativeTarget section */

/* Begin PBXProject section */
		5B76B9E71E70AFB2004CC329 /* Project object */ = {
			isa = PBXProject;
			attributes = {
				LastSwiftUpdateCheck = 0820;
				LastUpgradeCheck = 0820;
				ORGANIZATIONNAME = "Toasted Records";
				TargetAttributes = {
					5B76B9EE1E70AFB2004CC329 = {
						CreatedOnToolsVersion = 8.2.1;
						DevelopmentTeam = T775L322BB;
						ProvisioningStyle = Automatic;
					};
					5B76BA021E70AFB2004CC329 = {
						CreatedOnToolsVersion = 8.2.1;
						DevelopmentTeam = T775L322BB;
						ProvisioningStyle = Automatic;
						TestTargetID = 5B76B9EE1E70AFB2004CC329;
					};
				};
			};
			buildConfigurationList = 5B76B9EA1E70AFB2004CC329 /* Build configuration list for PBXProject "Calculator-10" */;
			compatibilityVersion = "Xcode 3.2";
			developmentRegion = English;
			hasScannedForEncodings = 0;
			knownRegions = (
				en,
				Base,
			);
			mainGroup = 5B76B9E61E70AFB2004CC329;
			productRefGroup = 5B76B9F01E70AFB2004CC329 /* Products */;
			projectDirPath = "";
			projectRoot = "";
			targets = (
				5B76B9EE1E70AFB2004CC329 /* Calculator-10 */,
				5B76BA021E70AFB2004CC329 /* Calculator-10Tests */,
			);
		};
/* End PBXProject section */

/* Begin PBXResourcesBuildPhase section */
		5B76B9ED1E70AFB2004CC329 /* Resources */ = {
			isa = PBXResourcesBuildPhase;
			buildActionMask = 2147483647;
			files = (
				5B76BA161E70B057004CC329 /* Main.storyboard in Resources */,
				5B76B9FD1E70AFB2004CC329 /* LaunchScreen.storyboard in Resources */,
				5B76B9FA1E70AFB2004CC329 /* Assets.xcassets in Resources */,
			);
			runOnlyForDeploymentPostprocessing = 0;
		};
		5B76BA011E70AFB2004CC329 /* Resources */ = {
			isa = PBXResourcesBuildPhase;
			buildActionMask = 2147483647;
			files = (
			);
			runOnlyForDeploymentPostprocessing = 0;
		};
/* End PBXResourcesBuildPhase section */

/* Begin PBXSourcesBuildPhase section */
		5B76B9EB1E70AFB2004CC329 /* Sources */ = {
			isa = PBXSourcesBuildPhase;
			buildActionMask = 2147483647;
			files = (
				5B76BA131E70B028004CC329 /* CalculatorBrain.swift in Sources */,
				5B76B9F51E70AFB2004CC329 /* ViewController.swift in Sources */,
				5B76B9F31E70AFB2004CC329 /* AppDelegate.swift in Sources */,
			);
			runOnlyForDeploymentPostprocessing = 0;
		};
		5B76B9FF1E70AFB2004CC329 /* Sources */ = {
			isa = PBXSourcesBuildPhase;
			buildActionMask = 2147483647;
			files = (
				5B76BA081E70AFB2004CC329 /* Calculator_10Tests.swift in Sources */,
			);
			runOnlyForDeploymentPostprocessing = 0;
		};
/* End PBXSourcesBuildPhase section */

/* Begin PBXTargetDependency section */
		5B76BA051E70AFB2004CC329 /* PBXTargetDependency */ = {
			isa = PBXTargetDependency;
			target = 5B76B9EE1E70AFB2004CC329 /* Calculator-10 */;
			targetProxy = 5B76BA041E70AFB2004CC329 /* PBXContainerItemProxy */;
		};
/* End PBXTargetDependency section */

/* Begin PBXVariantGroup section */
		5B76B9FB1E70AFB2004CC329 /* LaunchScreen.storyboard */ = {
			isa = PBXVariantGroup;
			children = (
				5B76B9FC1E70AFB2004CC329 /* Base */,
			);
			name = LaunchScreen.storyboard;
			sourceTree = "<group>";
		};
		5B76BA141E70B057004CC329 /* Main.storyboard */ = {
			isa = PBXVariantGroup;
			children = (
				5B76BA151E70B057004CC329 /* Base */,
			);
			name = Main.storyboard;
			sourceTree = "<group>";
		};
/* End PBXVariantGroup section */

/* Begin XCBuildConfiguration section */
		5B76BA0A1E70AFB2004CC329 /* Debug */ = {
			isa = XCBuildConfiguration;
			buildSettings = {
				ALWAYS_SEARCH_USER_PATHS = NO;
				CLANG_ANALYZER_NONNULL = YES;
				CLANG_CXX_LANGUAGE_STANDARD = "gnu++0x";
				CLANG_CXX_LIBRARY = "libc++";
				CLANG_ENABLE_MODULES = YES;
				CLANG_ENABLE_OBJC_ARC = YES;
				CLANG_WARN_BOOL_CONVERSION = YES;
				CLANG_WARN_CONSTANT_CONVERSION = YES;
				CLANG_WARN_DIRECT_OBJC_ISA_USAGE = YES_ERROR;
				CLANG_WARN_DOCUMENTATION_COMMENTS = YES;
				CLANG_WARN_EMPTY_BODY = YES;
				CLANG_WARN_ENUM_CONVERSION = YES;
				CLANG_WARN_INFINITE_RECURSION = YES;
				CLANG_WARN_INT_CONVERSION = YES;
				CLANG_WARN_OBJC_ROOT_CLASS = YES_ERROR;
				CLANG_WARN_SUSPICIOUS_MOVE = YES;
				CLANG_WARN_UNREACHABLE_CODE = YES;
				CLANG_WARN__DUPLICATE_METHOD_MATCH = YES;
				"CODE_SIGN_IDENTITY[sdk=iphoneos*]" = "iPhone Developer";
				COPY_PHASE_STRIP = NO;
				DEBUG_INFORMATION_FORMAT = dwarf;
				ENABLE_STRICT_OBJC_MSGSEND = YES;
				ENABLE_TESTABILITY = YES;
				GCC_C_LANGUAGE_STANDARD = gnu99;
				GCC_DYNAMIC_NO_PIC = NO;
				GCC_NO_COMMON_BLOCKS = YES;
				GCC_OPTIMIZATION_LEVEL = 0;
				GCC_PREPROCESSOR_DEFINITIONS = (
					"DEBUG=1",
					"$(inherited)",
				);
				GCC_WARN_64_TO_32_BIT_CONVERSION = YES;
				GCC_WARN_ABOUT_RETURN_TYPE = YES_ERROR;
				GCC_WARN_UNDECLARED_SELECTOR = YES;
				GCC_WARN_UNINITIALIZED_AUTOS = YES_AGGRESSIVE;
				GCC_WARN_UNUSED_FUNCTION = YES;
				GCC_WARN_UNUSED_VARIABLE = YES;
				IPHONEOS_DEPLOYMENT_TARGET = 10.2;
				MTL_ENABLE_DEBUG_INFO = YES;
				ONLY_ACTIVE_ARCH = YES;
				SDKROOT = iphoneos;
				SWIFT_ACTIVE_COMPILATION_CONDITIONS = DEBUG;
				SWIFT_OPTIMIZATION_LEVEL = "-Onone";
			};
			name = Debug;
		};
		5B76BA0B1E70AFB2004CC329 /* Release */ = {
			isa = XCBuildConfiguration;
			buildSettings = {
				ALWAYS_SEARCH_USER_PATHS = NO;
				CLANG_ANALYZER_NONNULL = YES;
				CLANG_CXX_LANGUAGE_STANDARD = "gnu++0x";
				CLANG_CXX_LIBRARY = "libc++";
				CLANG_ENABLE_MODULES = YES;
				CLANG_ENABLE_OBJC_ARC = YES;
				CLANG_WARN_BOOL_CONVERSION = YES;
				CLANG_WARN_CONSTANT_CONVERSION = YES;
				CLANG_WARN_DIRECT_OBJC_ISA_USAGE = YES_ERROR;
				CLANG_WARN_DOCUMENTATION_COMMENTS = YES;
				CLANG_WARN_EMPTY_BODY = YES;
				CLANG_WARN_ENUM_CONVERSION = YES;
				CLANG_WARN_INFINITE_RECURSION = YES;
				CLANG_WARN_INT_CONVERSION = YES;
				CLANG_WARN_OBJC_ROOT_CLASS = YES_ERROR;
				CLANG_WARN_SUSPICIOUS_MOVE = YES;
				CLANG_WARN_UNREACHABLE_CODE = YES;
				CLANG_WARN__DUPLICATE_METHOD_MATCH = YES;
				"CODE_SIGN_IDENTITY[sdk=iphoneos*]" = "iPhone Developer";
				COPY_PHASE_STRIP = NO;
				DEBUG_INFORMATION_FORMAT = "dwarf-with-dsym";
				ENABLE_NS_ASSERTIONS = NO;
				ENABLE_STRICT_OBJC_MSGSEND = YES;
				GCC_C_LANGUAGE_STANDARD = gnu99;
				GCC_NO_COMMON_BLOCKS = YES;
				GCC_WARN_64_TO_32_BIT_CONVERSION = YES;
				GCC_WARN_ABOUT_RETURN_TYPE = YES_ERROR;
				GCC_WARN_UNDECLARED_SELECTOR = YES;
				GCC_WARN_UNINITIALIZED_AUTOS = YES_AGGRESSIVE;
				GCC_WARN_UNUSED_FUNCTION = YES;
				GCC_WARN_UNUSED_VARIABLE = YES;
				IPHONEOS_DEPLOYMENT_TARGET = 10.2;
				MTL_ENABLE_DEBUG_INFO = NO;
				SDKROOT = iphoneos;
				SWIFT_OPTIMIZATION_LEVEL = "-Owholemodule";
				VALIDATE_PRODUCT = YES;
			};
			name = Release;
		};
		5B76BA0D1E70AFB2004CC329 /* Debug */ = {
			isa = XCBuildConfiguration;
			buildSettings = {
				ASSETCATALOG_COMPILER_APPICON_NAME = AppIcon;
				DEVELOPMENT_TEAM = T775L322BB;
				INFOPLIST_FILE = "Calculator-10/Info.plist";
				LD_RUNPATH_SEARCH_PATHS = "$(inherited) @executable_path/Frameworks";
				PRODUCT_BUNDLE_IDENTIFIER = "com.toastedrecords.Calculator-10";
				PRODUCT_NAME = "$(TARGET_NAME)";
				SWIFT_VERSION = 3.0;
			};
			name = Debug;
		};
		5B76BA0E1E70AFB2004CC329 /* Release */ = {
			isa = XCBuildConfiguration;
			buildSettings = {
				ASSETCATALOG_COMPILER_APPICON_NAME = AppIcon;
				DEVELOPMENT_TEAM = T775L322BB;
				INFOPLIST_FILE = "Calculator-10/Info.plist";
				LD_RUNPATH_SEARCH_PATHS = "$(inherited) @executable_path/Frameworks";
				PRODUCT_BUNDLE_IDENTIFIER = "com.toastedrecords.Calculator-10";
				PRODUCT_NAME = "$(TARGET_NAME)";
				SWIFT_VERSION = 3.0;
			};
			name = Release;
		};
		5B76BA101E70AFB2004CC329 /* Debug */ = {
			isa = XCBuildConfiguration;
			buildSettings = {
				ALWAYS_EMBED_SWIFT_STANDARD_LIBRARIES = YES;
				BUNDLE_LOADER = "$(TEST_HOST)";
				DEVELOPMENT_TEAM = T775L322BB;
				INFOPLIST_FILE = "Calculator-10Tests/Info.plist";
				LD_RUNPATH_SEARCH_PATHS = "$(inherited) @executable_path/Frameworks @loader_path/Frameworks";
				PRODUCT_BUNDLE_IDENTIFIER = "com.toastedrecords.Calculator-10Tests";
				PRODUCT_NAME = "$(TARGET_NAME)";
				SWIFT_VERSION = 3.0;
				TEST_HOST = "$(BUILT_PRODUCTS_DIR)/Calculator-10.app/Calculator-10";
			};
			name = Debug;
		};
		5B76BA111E70AFB2004CC329 /* Release */ = {
			isa = XCBuildConfiguration;
			buildSettings = {
				ALWAYS_EMBED_SWIFT_STANDARD_LIBRARIES = YES;
				BUNDLE_LOADER = "$(TEST_HOST)";
				DEVELOPMENT_TEAM = T775L322BB;
				INFOPLIST_FILE = "Calculator-10Tests/Info.plist";
				LD_RUNPATH_SEARCH_PATHS = "$(inherited) @executable_path/Frameworks @loader_path/Frameworks";
				PRODUCT_BUNDLE_IDENTIFIER = "com.toastedrecords.Calculator-10Tests";
				PRODUCT_NAME = "$(TARGET_NAME)";
				SWIFT_VERSION = 3.0;
				TEST_HOST = "$(BUILT_PRODUCTS_DIR)/Calculator-10.app/Calculator-10";
			};
			name = Release;
		};
/* End XCBuildConfiguration section */

/* Begin XCConfigurationList section */
		5B76B9EA1E70AFB2004CC329 /* Build configuration list for PBXProject "Calculator-10" */ = {
			isa = XCConfigurationList;
			buildConfigurations = (
				5B76BA0A1E70AFB2004CC329 /* Debug */,
				5B76BA0B1E70AFB2004CC329 /* Release */,
			);
			defaultConfigurationIsVisible = 0;
			defaultConfigurationName = Release;
		};
		5B76BA0C1E70AFB2004CC329 /* Build configuration list for PBXNativeTarget "Calculator-10" */ = {
			isa = XCConfigurationList;
			buildConfigurations = (
				5B76BA0D1E70AFB2004CC329 /* Debug */,
				5B76BA0E1E70AFB2004CC329 /* Release */,
			);
			defaultConfigurationIsVisible = 0;
		};
		5B76BA0F1E70AFB2004CC329 /* Build configuration list for PBXNativeTarget "Calculator-10Tests" */ = {
			isa = XCConfigurationList;
			buildConfigurations = (
				5B76BA101E70AFB2004CC329 /* Debug */,
				5B76BA111E70AFB2004CC329 /* Release */,
			);
			defaultConfigurationIsVisible = 0;
		};
/* End XCConfigurationList section */
	};
	rootObject = 5B76B9E71E70AFB2004CC329 /* Project object */;
}
